<?xml version="1.0" encoding="utf-8"?>
<Project ToolsVersion="4.0" xmlns="http://schemas.microsoft.com/developer/msbuild/2003">
  <ItemGroup>
    <ApplicationDefinition Include="App.xaml" />
  </ItemGroup>
  <ItemGroup>
    <ClCompile Include="pch.cpp" />
    <ClCompile Include="ApplicationMenu.cpp" />
    <ClCompile Include="DataSheetView.cpp" />
    <ClCompile Include="ScatterPlotView.cpp" />
    <ClCompile Include="WindowBranding.cpp" />
    <ClCompile Include="WelcomeWindow.cpp" />
    <ClCompile Include="TableExportService.cpp" />
    <ClCompile Include="WorkflowWindows.cpp" />
    <ClCompile Include="$(GeneratedFilesDir)module.g.cpp" />
  </ItemGroup>
  <ItemGroup>
    <ClInclude Include="pch.h" />
    <ClInclude Include="ApplicationMenu.h" />
    <ClInclude Include="DataSheetView.h" />
    <ClInclude Include="ScatterPlotView.h" />
    <ClInclude Include="WindowBranding.h" />
    <ClInclude Include="WelcomeWindow.h" />
    <ClInclude Include="TableExportService.h" />
    <ClInclude Include="WorkflowWindows.h" />
  </ItemGroup>
  <ItemGroup>
    <Image Include="Assets\Wide310x150Logo.scale-200.png">
      <Filter>Assets</Filter>
    </Image>
    <Image Include="Assets\StoreLogo.png">
      <Filter>Assets</Filter>
    </Image>
    <Image Include="Assets\Square150x150Logo.scale-200.png">
      <Filter>Assets</Filter>
    </Image>
    <Image Include="Assets\Target24.png">
      <Filter>Assets</Filter>
    </Image>
    <Image Include="Assets\Square44x44Logo.scale-200.png">
      <Filter>Assets</Filter>
    </Image>
    <Image Include="Assets\SplashScreen.scale-200.png">
      <Filter>Assets</Filter>
    </Image>
    <Image Include="Assets\LockScreenLogo.scale-200.png">
      <Filter>Assets</Filter>
    </Image>
  </ItemGroup>
  <ItemGroup>
    <Content Include="Assets\LinkEDA.ico">
      <Filter>Assets</Filter>
    </Content>
    <Content Include="Assets\Fonts\Inter-Variable.ttf">
      <Filter>Assets</Filter>
    </Content>
    <Content Include="Assets\Fonts\SourceSans3-Variable.ttf">
      <Filter>Assets</Filter>
    </Content>
    <Content Include="Assets\Fonts\IBMPlexSans-Variable.ttf">
      <Filter>Assets</Filter>
    </Content>
    <Content Include="Assets\Fonts\OFL-Inter.txt">
      <Filter>Assets</Filter>
    </Content>
    <Content Include="Assets\Fonts\OFL-SourceSans3.txt">
      <Filter>Assets</Filter>
    </Content>
    <Content Include="Assets\Fonts\OFL-IBMPlexSans.txt">
      <Filter>Assets</Filter>
    </Content>
    <Content Include="Assets\Fonts\README.txt">
      <Filter>Assets</Filter>
    </Content>
  </ItemGroup>
  <ItemGroup>
    <Filter Include="Assets">
      <UniqueIdentifier>{c79b7057-953f-46f7-9463-6b3237c6c277}</UniqueIdentifier>
    </Filter>
  </ItemGroup>
  <ItemGroup>
    <Text Include="readme.txt" />
  </ItemGroup>
  <ItemGroup>
    <Manifest Include="app.manifest" />
  </ItemGroup>
  <ItemGroup>
    <AppxManifest Include="Package.appxmanifest" />
  </ItemGroup>
  <ItemGroup>
    <None Include="packages.config" />
  </ItemGroup>
</Project>
